
Microsoft Visual Studio Solution File, Format Version 12.00
# Visual Studio 15
VisualStudioVersion = 15.0.27130.2010
MinimumVisualStudioVersion = 10.0.40219.1
Project("{2150E333-8FDC-42A3-9474-1A3956D46DE8}") = "Strategy", "Strategy", "{D657E47E-6A4C-4419-9356-32FA9089F0B2}"
EndProject
Project("{FAE04EC0-301F-11D3-BF4B-00C04F79EFBC}") = "SimUDuck", "1.Strategy\Step4\SimUDuck.csproj", "{7DB7CBCE-13B4-4A4F-9FA3-22F08B74B48E}"
EndProject
Project("{FAE04EC0-301F-11D3-BF4B-00C04F79EFBC}") = "SalesTaxCalculator", "1.Strategy\SalesTaxCalculator\SalesTaxCalculator.csproj", "{B3738B79-B969-446E-BEBD-78018AF2BC08}"
EndProject
Project("{2150E333-8FDC-42A3-9474-1A3956D46DE8}") = "Observer", "Observer", "{19BB084A-53EF-46E5-AF78-AD87D27908D8}"
EndProject
Project("{FAE04EC0-301F-11D3-BF4B-00C04F79EFBC}") = "WeatherMonitoringStation", "2.Observer\Step5\WeatherMonitoringStation.csproj", "{2DF5C2EB-87A8-4E40-BD3F-65D683444B6C}"
EndProject
Project("{2150E333-8FDC-42A3-9474-1A3956D46DE8}") = "Decorator", "Decorator", "{A0267082-46DF-4240-BE2D-E1D2E7556ECA}"
EndProject
Project("{FAE04EC0-301F-11D3-BF4B-00C04F79EFBC}") = "StarbuzzCofee", "3.Decorator\Step4\StarbuzzCofee.csproj", "{E1EF8D87-CBAE-4478-91D6-721ED3DAB5EA}"
EndProject
Project("{2150E333-8FDC-42A3-9474-1A3956D46DE8}") = "Factory", "Factory", "{62B69A19-A151-48CF-9E09-08185AAA97A3}"
EndProject
Project("{FAE04EC0-301F-11D3-BF4B-00C04F79EFBC}") = "PizzaStore", "4.Factory\Step5\PizzaStore.csproj", "{8AB80A14-7047-479B-85E8-4512DF8CA156}"
EndProject
Project("{2150E333-8FDC-42A3-9474-1A3956D46DE8}") = "Singleton", "Singleton", "{9D25C2DB-1D9C-4C18-AEEE-8884A314D84A}"
EndProject
Project("{FAE04EC0-301F-11D3-BF4B-00C04F79EFBC}") = "ChocolateFactory", "5. Singleton\Step1\ChocolateFactory.csproj", "{8726E647-117E-4C4F-ABCD-B1F4B3DD0F85}"
EndProject
Project("{2150E333-8FDC-42A3-9474-1A3956D46DE8}") = "Command", "Command", "{FABE41AA-3B17-4FE8-A13F-85F7333F581D}"
EndProject
Project("{FAE04EC0-301F-11D3-BF4B-00C04F79EFBC}") = "HomeControl.Party", "6. Command\Step4\HomeControl.Party.csproj", "{CAD7B00C-5344-415D-B747-13D44EE95D07}"
EndProject
Project("{FAE04EC0-301F-11D3-BF4B-00C04F79EFBC}") = "HomeControl.Undo", "6. Command\Step3\HomeControl.Undo.csproj", "{ABAC4E9C-C498-4DA1-A28B-7E75CC30E0A3}"
EndProject
Project("{FAE04EC0-301F-11D3-BF4B-00C04F79EFBC}") = "HomeControl.Remote", "6. Command\Step2\HomeControl.Remote.csproj", "{FEEAABCE-DD0F-4371-B5C1-7BBBACEF44C7}"
EndProject
Project("{FAE04EC0-301F-11D3-BF4B-00C04F79EFBC}") = "HomeControl.SimpleRemote", "6. Command\Step1\HomeControl.SimpleRemote.csproj", "{0E47D585-3E5A-4B92-8E29-32E25C99210E}"
EndProject
Project("{2150E333-8FDC-42A3-9474-1A3956D46DE8}") = "Adapter", "Adapter", "{1A8C2739-A111-44EA-ADFC-08E86580B3FD}"
EndProject
Project("{FAE04EC0-301F-11D3-BF4B-00C04F79EFBC}") = "Ducks", "7. Adapter\Step1\Ducks.csproj", "{8BA140D4-10FA-4799-80AE-26D48A3AF930}"
EndProject
Project("{2150E333-8FDC-42A3-9474-1A3956D46DE8}") = "Facade", "Facade", "{26500373-62DB-4209-AE5E-2094363D8A4A}"
EndProject
Project("{FAE04EC0-301F-11D3-BF4B-00C04F79EFBC}") = "HomeTheater", "8. Facade\Step1\HomeTheater.csproj", "{C7917ABB-BE9F-4018-8D2B-5100477BE44C}"
EndProject
Project("{2150E333-8FDC-42A3-9474-1A3956D46DE8}") = "TemplateMethod", "TemplateMethod", "{F2B6E3AA-AFB9-4AB5-850A-AD8906A32EE7}"
EndProject
Project("{FAE04EC0-301F-11D3-BF4B-00C04F79EFBC}") = "Sort", "9. Template Method\Step5\Sort.csproj", "{B6CF54E8-0F68-4DF3-81CE-260591C6FA88}"
EndProject
Project("{FAE04EC0-301F-11D3-BF4B-00C04F79EFBC}") = "Barista", "9. Template Method\Step4\Barista.csproj", "{B46B7D4C-3683-4451-9875-8D3F2A61C4FD}"
EndProject
Project("{2150E333-8FDC-42A3-9474-1A3956D46DE8}") = "Iterator", "Iterator", "{B33FFA3B-D92F-4CD8-AC75-E90CD52B739D}"
EndProject
Project("{FAE04EC0-301F-11D3-BF4B-00C04F79EFBC}") = "DinnerMerger", "10. Iterator\Step5\DinnerMerger.csproj", "{4E3BF8C2-ACBC-4CBA-8366-222E3E9C47B1}"
EndProject
Project("{FAE04EC0-301F-11D3-BF4B-00C04F79EFBC}") = "DinerMergerCafe", "10. Iterator\Step4\DinerMergerCafe.csproj", "{BC07D698-3F1A-47F8-A63E-93D979E21B20}"
EndProject
Project("{2150E333-8FDC-42A3-9474-1A3956D46DE8}") = "Composite", "Composite", "{5956B7BD-0E64-43B8-8CBC-E31C110DC248}"
EndProject
Project("{FAE04EC0-301F-11D3-BF4B-00C04F79EFBC}") = "Menu", "11. Composite\Step1\Menu.csproj", "{4ECC7DCC-4536-4983-9F84-088F952322B2}"
EndProject
Project("{FAE04EC0-301F-11D3-BF4B-00C04F79EFBC}") = "MenuItearator", "11. Composite\СSharp example\MenuItearator.csproj", "{95E28828-3F41-45CA-9EC5-04820A32EAF0}"
EndProject
Project("{2150E333-8FDC-42A3-9474-1A3956D46DE8}") = "State", "State", "{BFC5931F-70B6-4137-84A4-5F6159A2383F}"
EndProject
Project("{FAE04EC0-301F-11D3-BF4B-00C04F79EFBC}") = "GumballMachine", "12. State\Step3\GumballMachine.csproj", "{04FBB7D6-6213-4BA2-8B76-64966DBFC9A7}"
EndProject
Project("{2150E333-8FDC-42A3-9474-1A3956D46DE8}") = "Proxy", "Proxy", "{11BAC916-4D0A-4BEB-AC28-C158839D6A12}"
EndProject
Project("{FAE04EC0-301F-11D3-BF4B-00C04F79EFBC}") = "GumballState.Client", "13.Proxy\Step2.Client\GumballState.Client.csproj", "{4DA9A794-C4C1-407F-830E-B3D4938D8828}"
EndProject
Project("{FAE04EC0-301F-11D3-BF4B-00C04F79EFBC}") = "VirtualProxy", "13.Proxy\Step3.VirtualProxy\VirtualProxy.csproj", "{CFB62A3F-0AE9-48B9-9237-603B68E54682}"
EndProject
Project("{FAE04EC0-301F-11D3-BF4B-00C04F79EFBC}") = "GumballState.Server", "13.Proxy\Step2\GumballState.Server.csproj", "{456DA65E-F30B-4D31-8271-2F0E42C61195}"
EndProject
Project("{FAE04EC0-301F-11D3-BF4B-00C04F79EFBC}") = "ProtectionProxy", "13.Proxy\Step4.ProtectionProxy\ProtectionProxy.csproj", "{6EC0D462-185F-4CE9-8705-7D02EFFDC1AB}"
EndProject
Project("{2150E333-8FDC-42A3-9474-1A3956D46DE8}") = "CompoundPatterns", "CompoundPatterns", "{654D9187-06E7-4145-8604-4363BEA1DB36}"
EndProject
Project("{FAE04EC0-301F-11D3-BF4B-00C04F79EFBC}") = "Combaining.Observer", "14.CompoundPatterns\Step5\Combaining.Observer.csproj", "{5222DE99-BAD0-40C8-B6EC-42CE059B7DDF}"
EndProject
Project("{FAE04EC0-301F-11D3-BF4B-00C04F79EFBC}") = "Combaining.Composite", "14.CompoundPatterns\Step4\Combaining.Composite.csproj", "{5D017B44-76BC-43C2-9223-C87CC821B6D1}"
EndProject
Project("{FAE04EC0-301F-11D3-BF4B-00C04F79EFBC}") = "Combaining.Factory", "14.CompoundPatterns\Step3\Combaining.Factory.csproj", "{4A831472-E6F8-4ED1-B7F2-FC8AD9E363E7}"
EndProject
Project("{FAE04EC0-301F-11D3-BF4B-00C04F79EFBC}") = "Combaining.Decorator", "14.CompoundPatterns\Step2\Combaining.Decorator.csproj", "{258427F4-FFC2-4A26-A257-6E2625C06DF3}"
EndProject
Project("{FAE04EC0-301F-11D3-BF4B-00C04F79EFBC}") = "Combaining.Adapter", "14.CompoundPatterns\Step1\Combaining.Adapter.csproj", "{902EC4DC-B12E-4404-BE3C-FBAB73218A9F}"
EndProject
Project("{2150E333-8FDC-42A3-9474-1A3956D46DE8}") = "MVC", "MVC", "{B39DC73F-C7AE-4ADA-B8F4-7CC7E4859BFF}"
EndProject
Project("{FAE04EC0-301F-11D3-BF4B-00C04F79EFBC}") = "ControlBeat", "15.MVC\Step1\ControlBeat.csproj", "{A852624B-C86A-42A7-98B2-A0C5D27CA89A}"
EndProject
Global
	GlobalSection(SolutionConfigurationPlatforms) = preSolution
		Debug|Any CPU = Debug|Any CPU
		Release|Any CPU = Release|Any CPU
	EndGlobalSection
	GlobalSection(ProjectConfigurationPlatforms) = postSolution
		{7DB7CBCE-13B4-4A4F-9FA3-22F08B74B48E}.Debug|Any CPU.ActiveCfg = Debug|Any CPU
		{7DB7CBCE-13B4-4A4F-9FA3-22F08B74B48E}.Debug|Any CPU.Build.0 = Debug|Any CPU
		{7DB7CBCE-13B4-4A4F-9FA3-22F08B74B48E}.Release|Any CPU.ActiveCfg = Release|Any CPU
		{7DB7CBCE-13B4-4A4F-9FA3-22F08B74B48E}.Release|Any CPU.Build.0 = Release|Any CPU
		{B3738B79-B969-446E-BEBD-78018AF2BC08}.Debug|Any CPU.ActiveCfg = Debug|Any CPU
		{B3738B79-B969-446E-BEBD-78018AF2BC08}.Debug|Any CPU.Build.0 = Debug|Any CPU
		{B3738B79-B969-446E-BEBD-78018AF2BC08}.Release|Any CPU.ActiveCfg = Release|Any CPU
		{B3738B79-B969-446E-BEBD-78018AF2BC08}.Release|Any CPU.Build.0 = Release|Any CPU
		{2DF5C2EB-87A8-4E40-BD3F-65D683444B6C}.Debug|Any CPU.ActiveCfg = Debug|Any CPU
		{2DF5C2EB-87A8-4E40-BD3F-65D683444B6C}.Debug|Any CPU.Build.0 = Debug|Any CPU
		{2DF5C2EB-87A8-4E40-BD3F-65D683444B6C}.Release|Any CPU.ActiveCfg = Release|Any CPU
		{2DF5C2EB-87A8-4E40-BD3F-65D683444B6C}.Release|Any CPU.Build.0 = Release|Any CPU
		{E1EF8D87-CBAE-4478-91D6-721ED3DAB5EA}.Debug|Any CPU.ActiveCfg = Debug|Any CPU
		{E1EF8D87-CBAE-4478-91D6-721ED3DAB5EA}.Debug|Any CPU.Build.0 = Debug|Any CPU
		{E1EF8D87-CBAE-4478-91D6-721ED3DAB5EA}.Release|Any CPU.ActiveCfg = Release|Any CPU
		{E1EF8D87-CBAE-4478-91D6-721ED3DAB5EA}.Release|Any CPU.Build.0 = Release|Any CPU
		{8AB80A14-7047-479B-85E8-4512DF8CA156}.Debug|Any CPU.ActiveCfg = Debug|Any CPU
		{8AB80A14-7047-479B-85E8-4512DF8CA156}.Debug|Any CPU.Build.0 = Debug|Any CPU
		{8AB80A14-7047-479B-85E8-4512DF8CA156}.Release|Any CPU.ActiveCfg = Release|Any CPU
		{8AB80A14-7047-479B-85E8-4512DF8CA156}.Release|Any CPU.Build.0 = Release|Any CPU
		{8726E647-117E-4C4F-ABCD-B1F4B3DD0F85}.Debug|Any CPU.ActiveCfg = Debug|Any CPU
		{8726E647-117E-4C4F-ABCD-B1F4B3DD0F85}.Debug|Any CPU.Build.0 = Debug|Any CPU
		{8726E647-117E-4C4F-ABCD-B1F4B3DD0F85}.Release|Any CPU.ActiveCfg = Release|Any CPU
		{8726E647-117E-4C4F-ABCD-B1F4B3DD0F85}.Release|Any CPU.Build.0 = Release|Any CPU
		{CAD7B00C-5344-415D-B747-13D44EE95D07}.Debug|Any CPU.ActiveCfg = Debug|Any CPU
		{CAD7B00C-5344-415D-B747-13D44EE95D07}.Debug|Any CPU.Build.0 = Debug|Any CPU
		{CAD7B00C-5344-415D-B747-13D44EE95D07}.Release|Any CPU.ActiveCfg = Release|Any CPU
		{CAD7B00C-5344-415D-B747-13D44EE95D07}.Release|Any CPU.Build.0 = Release|Any CPU
		{ABAC4E9C-C498-4DA1-A28B-7E75CC30E0A3}.Debug|Any CPU.ActiveCfg = Debug|Any CPU
		{ABAC4E9C-C498-4DA1-A28B-7E75CC30E0A3}.Debug|Any CPU.Build.0 = Debug|Any CPU
		{ABAC4E9C-C498-4DA1-A28B-7E75CC30E0A3}.Release|Any CPU.ActiveCfg = Release|Any CPU
		{ABAC4E9C-C498-4DA1-A28B-7E75CC30E0A3}.Release|Any CPU.Build.0 = Release|Any CPU
		{FEEAABCE-DD0F-4371-B5C1-7BBBACEF44C7}.Debug|Any CPU.ActiveCfg = Debug|Any CPU
		{FEEAABCE-DD0F-4371-B5C1-7BBBACEF44C7}.Debug|Any CPU.Build.0 = Debug|Any CPU
		{FEEAABCE-DD0F-4371-B5C1-7BBBACEF44C7}.Release|Any CPU.ActiveCfg = Release|Any CPU
		{FEEAABCE-DD0F-4371-B5C1-7BBBACEF44C7}.Release|Any CPU.Build.0 = Release|Any CPU
		{0E47D585-3E5A-4B92-8E29-32E25C99210E}.Debug|Any CPU.ActiveCfg = Debug|Any CPU
		{0E47D585-3E5A-4B92-8E29-32E25C99210E}.Debug|Any CPU.Build.0 = Debug|Any CPU
		{0E47D585-3E5A-4B92-8E29-32E25C99210E}.Release|Any CPU.ActiveCfg = Release|Any CPU
		{0E47D585-3E5A-4B92-8E29-32E25C99210E}.Release|Any CPU.Build.0 = Release|Any CPU
		{8BA140D4-10FA-4799-80AE-26D48A3AF930}.Debug|Any CPU.ActiveCfg = Debug|Any CPU
		{8BA140D4-10FA-4799-80AE-26D48A3AF930}.Debug|Any CPU.Build.0 = Debug|Any CPU
		{8BA140D4-10FA-4799-80AE-26D48A3AF930}.Release|Any CPU.ActiveCfg = Release|Any CPU
		{8BA140D4-10FA-4799-80AE-26D48A3AF930}.Release|Any CPU.Build.0 = Release|Any CPU
		{C7917ABB-BE9F-4018-8D2B-5100477BE44C}.Debug|Any CPU.ActiveCfg = Debug|Any CPU
		{C7917ABB-BE9F-4018-8D2B-5100477BE44C}.Debug|Any CPU.Build.0 = Debug|Any CPU
		{C7917ABB-BE9F-4018-8D2B-5100477BE44C}.Release|Any CPU.ActiveCfg = Release|Any CPU
		{C7917ABB-BE9F-4018-8D2B-5100477BE44C}.Release|Any CPU.Build.0 = Release|Any CPU
		{B6CF54E8-0F68-4DF3-81CE-260591C6FA88}.Debug|Any CPU.ActiveCfg = Debug|Any CPU
		{B6CF54E8-0F68-4DF3-81CE-260591C6FA88}.Debug|Any CPU.Build.0 = Debug|Any CPU
		{B6CF54E8-0F68-4DF3-81CE-260591C6FA88}.Release|Any CPU.ActiveCfg = Release|Any CPU
		{B6CF54E8-0F68-4DF3-81CE-260591C6FA88}.Release|Any CPU.Build.0 = Release|Any CPU
		{B46B7D4C-3683-4451-9875-8D3F2A61C4FD}.Debug|Any CPU.ActiveCfg = Debug|Any CPU
		{B46B7D4C-3683-4451-9875-8D3F2A61C4FD}.Debug|Any CPU.Build.0 = Debug|Any CPU
		{B46B7D4C-3683-4451-9875-8D3F2A61C4FD}.Release|Any CPU.ActiveCfg = Release|Any CPU
		{B46B7D4C-3683-4451-9875-8D3F2A61C4FD}.Release|Any CPU.Build.0 = Release|Any CPU
		{4E3BF8C2-ACBC-4CBA-8366-222E3E9C47B1}.Debug|Any CPU.ActiveCfg = Debug|Any CPU
		{4E3BF8C2-ACBC-4CBA-8366-222E3E9C47B1}.Debug|Any CPU.Build.0 = Debug|Any CPU
		{4E3BF8C2-ACBC-4CBA-8366-222E3E9C47B1}.Release|Any CPU.ActiveCfg = Release|Any CPU
		{4E3BF8C2-ACBC-4CBA-8366-222E3E9C47B1}.Release|Any CPU.Build.0 = Release|Any CPU
		{BC07D698-3F1A-47F8-A63E-93D979E21B20}.Debug|Any CPU.ActiveCfg = Debug|Any CPU
		{BC07D698-3F1A-47F8-A63E-93D979E21B20}.Debug|Any CPU.Build.0 = Debug|Any CPU
		{BC07D698-3F1A-47F8-A63E-93D979E21B20}.Release|Any CPU.ActiveCfg = Release|Any CPU
		{BC07D698-3F1A-47F8-A63E-93D979E21B20}.Release|Any CPU.Build.0 = Release|Any CPU
		{4ECC7DCC-4536-4983-9F84-088F952322B2}.Debug|Any CPU.ActiveCfg = Debug|Any CPU
		{4ECC7DCC-4536-4983-9F84-088F952322B2}.Debug|Any CPU.Build.0 = Debug|Any CPU
		{4ECC7DCC-4536-4983-9F84-088F952322B2}.Release|Any CPU.ActiveCfg = Release|Any CPU
		{4ECC7DCC-4536-4983-9F84-088F952322B2}.Release|Any CPU.Build.0 = Release|Any CPU
		{95E28828-3F41-45CA-9EC5-04820A32EAF0}.Debug|Any CPU.ActiveCfg = Debug|Any CPU
		{95E28828-3F41-45CA-9EC5-04820A32EAF0}.Debug|Any CPU.Build.0 = Debug|Any CPU
		{95E28828-3F41-45CA-9EC5-04820A32EAF0}.Release|Any CPU.ActiveCfg = Release|Any CPU
		{95E28828-3F41-45CA-9EC5-04820A32EAF0}.Release|Any CPU.Build.0 = Release|Any CPU
		{04FBB7D6-6213-4BA2-8B76-64966DBFC9A7}.Debug|Any CPU.ActiveCfg = Debug|Any CPU
		{04FBB7D6-6213-4BA2-8B76-64966DBFC9A7}.Debug|Any CPU.Build.0 = Debug|Any CPU
		{04FBB7D6-6213-4BA2-8B76-64966DBFC9A7}.Release|Any CPU.ActiveCfg = Release|Any CPU
		{04FBB7D6-6213-4BA2-8B76-64966DBFC9A7}.Release|Any CPU.Build.0 = Release|Any CPU
		{4DA9A794-C4C1-407F-830E-B3D4938D8828}.Debug|Any CPU.ActiveCfg = Debug|Any CPU
		{4DA9A794-C4C1-407F-830E-B3D4938D8828}.Debug|Any CPU.Build.0 = Debug|Any CPU
		{4DA9A794-C4C1-407F-830E-B3D4938D8828}.Release|Any CPU.ActiveCfg = Release|Any CPU
		{4DA9A794-C4C1-407F-830E-B3D4938D8828}.Release|Any CPU.Build.0 = Release|Any CPU
		{CFB62A3F-0AE9-48B9-9237-603B68E54682}.Debug|Any CPU.ActiveCfg = Debug|Any CPU
		{CFB62A3F-0AE9-48B9-9237-603B68E54682}.Debug|Any CPU.Build.0 = Debug|Any CPU
		{CFB62A3F-0AE9-48B9-9237-603B68E54682}.Release|Any CPU.ActiveCfg = Release|Any CPU
		{CFB62A3F-0AE9-48B9-9237-603B68E54682}.Release|Any CPU.Build.0 = Release|Any CPU
		{456DA65E-F30B-4D31-8271-2F0E42C61195}.Debug|Any CPU.ActiveCfg = Debug|Any CPU
		{456DA65E-F30B-4D31-8271-2F0E42C61195}.Debug|Any CPU.Build.0 = Debug|Any CPU
		{456DA65E-F30B-4D31-8271-2F0E42C61195}.Release|Any CPU.ActiveCfg = Release|Any CPU
		{456DA65E-F30B-4D31-8271-2F0E42C61195}.Release|Any CPU.Build.0 = Release|Any CPU
		{6EC0D462-185F-4CE9-8705-7D02EFFDC1AB}.Debug|Any CPU.ActiveCfg = Debug|Any CPU
		{6EC0D462-185F-4CE9-8705-7D02EFFDC1AB}.Debug|Any CPU.Build.0 = Debug|Any CPU
		{6EC0D462-185F-4CE9-8705-7D02EFFDC1AB}.Release|Any CPU.ActiveCfg = Release|Any CPU
		{6EC0D462-185F-4CE9-8705-7D02EFFDC1AB}.Release|Any CPU.Build.0 = Release|Any CPU
		{5222DE99-BAD0-40C8-B6EC-42CE059B7DDF}.Debug|Any CPU.ActiveCfg = Debug|Any CPU
		{5222DE99-BAD0-40C8-B6EC-42CE059B7DDF}.Debug|Any CPU.Build.0 = Debug|Any CPU
		{5222DE99-BAD0-40C8-B6EC-42CE059B7DDF}.Release|Any CPU.ActiveCfg = Release|Any CPU
		{5222DE99-BAD0-40C8-B6EC-42CE059B7DDF}.Release|Any CPU.Build.0 = Release|Any CPU
		{5D017B44-76BC-43C2-9223-C87CC821B6D1}.Debug|Any CPU.ActiveCfg = Debug|Any CPU
		{5D017B44-76BC-43C2-9223-C87CC821B6D1}.Debug|Any CPU.Build.0 = Debug|Any CPU
		{5D017B44-76BC-43C2-9223-C87CC821B6D1}.Release|Any CPU.ActiveCfg = Release|Any CPU
		{5D017B44-76BC-43C2-9223-C87CC821B6D1}.Release|Any CPU.Build.0 = Release|Any CPU
		{4A831472-E6F8-4ED1-B7F2-FC8AD9E363E7}.Debug|Any CPU.ActiveCfg = Debug|Any CPU
		{4A831472-E6F8-4ED1-B7F2-FC8AD9E363E7}.Debug|Any CPU.Build.0 = Debug|Any CPU
		{4A831472-E6F8-4ED1-B7F2-FC8AD9E363E7}.Release|Any CPU.ActiveCfg = Release|Any CPU
		{4A831472-E6F8-4ED1-B7F2-FC8AD9E363E7}.Release|Any CPU.Build.0 = Release|Any CPU
		{258427F4-FFC2-4A26-A257-6E2625C06DF3}.Debug|Any CPU.ActiveCfg = Debug|Any CPU
		{258427F4-FFC2-4A26-A257-6E2625C06DF3}.Debug|Any CPU.Build.0 = Debug|Any CPU
		{258427F4-FFC2-4A26-A257-6E2625C06DF3}.Release|Any CPU.ActiveCfg = Release|Any CPU
		{258427F4-FFC2-4A26-A257-6E2625C06DF3}.Release|Any CPU.Build.0 = Release|Any CPU
		{902EC4DC-B12E-4404-BE3C-FBAB73218A9F}.Debug|Any CPU.ActiveCfg = Debug|Any CPU
		{902EC4DC-B12E-4404-BE3C-FBAB73218A9F}.Debug|Any CPU.Build.0 = Debug|Any CPU
		{902EC4DC-B12E-4404-BE3C-FBAB73218A9F}.Release|Any CPU.ActiveCfg = Release|Any CPU
		{902EC4DC-B12E-4404-BE3C-FBAB73218A9F}.Release|Any CPU.Build.0 = Release|Any CPU
		{A852624B-C86A-42A7-98B2-A0C5D27CA89A}.Debug|Any CPU.ActiveCfg = Debug|Any CPU
		{A852624B-C86A-42A7-98B2-A0C5D27CA89A}.Debug|Any CPU.Build.0 = Debug|Any CPU
		{A852624B-C86A-42A7-98B2-A0C5D27CA89A}.Release|Any CPU.ActiveCfg = Release|Any CPU
		{A852624B-C86A-42A7-98B2-A0C5D27CA89A}.Release|Any CPU.Build.0 = Release|Any CPU
	EndGlobalSection
	GlobalSection(SolutionProperties) = preSolution
		HideSolutionNode = FALSE
	EndGlobalSection
	GlobalSection(NestedProjects) = preSolution
		{7DB7CBCE-13B4-4A4F-9FA3-22F08B74B48E} = {D657E47E-6A4C-4419-9356-32FA9089F0B2}
		{B3738B79-B969-446E-BEBD-78018AF2BC08} = {D657E47E-6A4C-4419-9356-32FA9089F0B2}
		{2DF5C2EB-87A8-4E40-BD3F-65D683444B6C} = {19BB084A-53EF-46E5-AF78-AD87D27908D8}
		{E1EF8D87-CBAE-4478-91D6-721ED3DAB5EA} = {A0267082-46DF-4240-BE2D-E1D2E7556ECA}
		{8AB80A14-7047-479B-85E8-4512DF8CA156} = {62B69A19-A151-48CF-9E09-08185AAA97A3}
		{8726E647-117E-4C4F-ABCD-B1F4B3DD0F85} = {9D25C2DB-1D9C-4C18-AEEE-8884A314D84A}
		{CAD7B00C-5344-415D-B747-13D44EE95D07} = {FABE41AA-3B17-4FE8-A13F-85F7333F581D}
		{ABAC4E9C-C498-4DA1-A28B-7E75CC30E0A3} = {FABE41AA-3B17-4FE8-A13F-85F7333F581D}
		{FEEAABCE-DD0F-4371-B5C1-7BBBACEF44C7} = {FABE41AA-3B17-4FE8-A13F-85F7333F581D}
		{0E47D585-3E5A-4B92-8E29-32E25C99210E} = {FABE41AA-3B17-4FE8-A13F-85F7333F581D}
		{8BA140D4-10FA-4799-80AE-26D48A3AF930} = {1A8C2739-A111-44EA-ADFC-08E86580B3FD}
		{C7917ABB-BE9F-4018-8D2B-5100477BE44C} = {26500373-62DB-4209-AE5E-2094363D8A4A}
		{B6CF54E8-0F68-4DF3-81CE-260591C6FA88} = {F2B6E3AA-AFB9-4AB5-850A-AD8906A32EE7}
		{B46B7D4C-3683-4451-9875-8D3F2A61C4FD} = {F2B6E3AA-AFB9-4AB5-850A-AD8906A32EE7}
		{4E3BF8C2-ACBC-4CBA-8366-222E3E9C47B1} = {B33FFA3B-D92F-4CD8-AC75-E90CD52B739D}
		{BC07D698-3F1A-47F8-A63E-93D979E21B20} = {B33FFA3B-D92F-4CD8-AC75-E90CD52B739D}
		{4ECC7DCC-4536-4983-9F84-088F952322B2} = {5956B7BD-0E64-43B8-8CBC-E31C110DC248}
		{95E28828-3F41-45CA-9EC5-04820A32EAF0} = {5956B7BD-0E64-43B8-8CBC-E31C110DC248}
		{04FBB7D6-6213-4BA2-8B76-64966DBFC9A7} = {BFC5931F-70B6-4137-84A4-5F6159A2383F}
		{4DA9A794-C4C1-407F-830E-B3D4938D8828} = {11BAC916-4D0A-4BEB-AC28-C158839D6A12}
		{CFB62A3F-0AE9-48B9-9237-603B68E54682} = {11BAC916-4D0A-4BEB-AC28-C158839D6A12}
		{456DA65E-F30B-4D31-8271-2F0E42C61195} = {11BAC916-4D0A-4BEB-AC28-C158839D6A12}
		{6EC0D462-185F-4CE9-8705-7D02EFFDC1AB} = {11BAC916-4D0A-4BEB-AC28-C158839D6A12}
		{5222DE99-BAD0-40C8-B6EC-42CE059B7DDF} = {654D9187-06E7-4145-8604-4363BEA1DB36}
		{5D017B44-76BC-43C2-9223-C87CC821B6D1} = {654D9187-06E7-4145-8604-4363BEA1DB36}
		{4A831472-E6F8-4ED1-B7F2-FC8AD9E363E7} = {654D9187-06E7-4145-8604-4363BEA1DB36}
		{258427F4-FFC2-4A26-A257-6E2625C06DF3} = {654D9187-06E7-4145-8604-4363BEA1DB36}
		{902EC4DC-B12E-4404-BE3C-FBAB73218A9F} = {654D9187-06E7-4145-8604-4363BEA1DB36}
		{A852624B-C86A-42A7-98B2-A0C5D27CA89A} = {B39DC73F-C7AE-4ADA-B8F4-7CC7E4859BFF}
	EndGlobalSection
	GlobalSection(ExtensibilityGlobals) = postSolution
		SolutionGuid = {597CB87C-219D-45BD-BDF0-877170E0C329}
	EndGlobalSection
EndGlobal
